uuid: 9d2709da-ef8d-4061-9d69-baee7b6472f3
langcode: en
status: true
dependencies:
  module:
    - block_content
    - node
id: node.field_featured_block
field_name: field_featured_block
entity_type: node
type: entity_reference
settings:
  target_type: block_content
module: core
locked: false
cardinality: -1
translatable: true
indexes: {  }
persist_with_no_fields: false
custom_storage: false
